{
  "name": "jabearri",
  "version": "0.10.2",
  "lockfileVersion": 3,
  "requires": true,
  "packages": {
    "": {
      "name": "jabearri",
      "version": "0.10.2",
      "license": "MIT",
      "bin": {
        "jabearri": "src/cli.js"
      },
      "engines": {
        "node": ">=18"
      }
    }
  }
}
